// !$*UTF8*$!
{
	archiveVersion = 1;
	classes = {
	};
	objectVersion = 56;
	objects = {

/* Begin PBXBuildFile section */
		47FF65E66A1112FF3055207B /* libPods-WeatherApp.a in Frameworks */ = {isa = PBXBuildFile; fileRef = 3672128D477C77D163F1EBA7 /* libPods-WeatherApp.a */; };
		D9212EF629A47A590083723C /* ForcastDetail.swift in Sources */ = {isa = PBXBuildFile; fileRef = D9212EF529A47A590083723C /* ForcastDetail.swift */; };
		D9212EF829A492E00083723C /* FiveDaysTableViewCell.swift in Sources */ = {isa = PBXBuildFile; fileRef = D9212EF729A492E00083723C /* FiveDaysTableViewCell.swift */; };
		D927C993299F928B0018170D /* WeatherDetail.swift in Sources */ = {isa = PBXBuildFile; fileRef = D927C992299F928B0018170D /* WeatherDetail.swift */; };
		D94C49B7299D209B00F97488 /* APIkeys.swift in Sources */ = {isa = PBXBuildFile; fileRef = D94C49B6299D209B00F97488 /* APIkeys.swift */; };
		D94C49B9299E0EDE00F97488 /* LocationDetailViewController.swift in Sources */ = {isa = PBXBuildFile; fileRef = D94C49B8299E0EDE00F97488 /* LocationDetailViewController.swift */; };
		D94C49BB299E226300F97488 /* PageViewController.swift in Sources */ = {isa = PBXBuildFile; fileRef = D94C49BA299E226300F97488 /* PageViewController.swift */; };
		D988A2A3299D036900724D20 /* AppDelegate.swift in Sources */ = {isa = PBXBuildFile; fileRef = D988A2A2299D036900724D20 /* AppDelegate.swift */; };
		D988A2A5299D036900724D20 /* SceneDelegate.swift in Sources */ = {isa = PBXBuildFile; fileRef = D988A2A4299D036900724D20 /* SceneDelegate.swift */; };
		D988A2A7299D036900724D20 /* LocationListViewController.swift in Sources */ = {isa = PBXBuildFile; fileRef = D988A2A6299D036900724D20 /* LocationListViewController.swift */; };
		D988A2AA299D036900724D20 /* Main.storyboard in Resources */ = {isa = PBXBuildFile; fileRef = D988A2A8299D036900724D20 /* Main.storyboard */; };
		D988A2AC299D036B00724D20 /* Assets.xcassets in Resources */ = {isa = PBXBuildFile; fileRef = D988A2AB299D036B00724D20 /* Assets.xcassets */; };
		D988A2AF299D036B00724D20 /* LaunchScreen.storyboard in Resources */ = {isa = PBXBuildFile; fileRef = D988A2AD299D036B00724D20 /* LaunchScreen.storyboard */; };
		D988A2B7299D038F00724D20 /* WeatherLocation.swift in Sources */ = {isa = PBXBuildFile; fileRef = D988A2B6299D038F00724D20 /* WeatherLocation.swift */; };
/* End PBXBuildFile section */

/* Begin PBXFileReference section */
		3672128D477C77D163F1EBA7 /* libPods-WeatherApp.a */ = {isa = PBXFileReference; explicitFileType = archive.ar; includeInIndex = 0; path = "libPods-WeatherApp.a"; sourceTree = BUILT_PRODUCTS_DIR; };
		85A6C901AC3D14A53C890095 /* Pods-WeatherApp.release.xcconfig */ = {isa = PBXFileReference; includeInIndex = 1; lastKnownFileType = text.xcconfig; name = "Pods-WeatherApp.release.xcconfig"; path = "Target Support Files/Pods-WeatherApp/Pods-WeatherApp.release.xcconfig"; sourceTree = "<group>"; };
		CB64E0E1F1F6161F59B0075A /* Pods-WeatherApp.debug.xcconfig */ = {isa = PBXFileReference; includeInIndex = 1; lastKnownFileType = text.xcconfig; name = "Pods-WeatherApp.debug.xcconfig"; path = "Target Support Files/Pods-WeatherApp/Pods-WeatherApp.debug.xcconfig"; sourceTree = "<group>"; };
		D9212EF529A47A590083723C /* ForcastDetail.swift */ = {isa = PBXFileReference; lastKnownFileType = sourcecode.swift; path = ForcastDetail.swift; sourceTree = SOURCE_ROOT; };
		D9212EF729A492E00083723C /* FiveDaysTableViewCell.swift */ = {isa = PBXFileReference; lastKnownFileType = sourcecode.swift; path = FiveDaysTableViewCell.swift; sourceTree = SOURCE_ROOT; };
		D927C992299F928B0018170D /* WeatherDetail.swift */ = {isa = PBXFileReference; lastKnownFileType = sourcecode.swift; path = WeatherDetail.swift; sourceTree = SOURCE_ROOT; };
		D94C49B6299D209B00F97488 /* APIkeys.swift */ = {isa = PBXFileReference; lastKnownFileType = sourcecode.swift; path = APIkeys.swift; sourceTree = "<group>"; };
		D94C49B8299E0EDE00F97488 /* LocationDetailViewController.swift */ = {isa = PBXFileReference; lastKnownFileType = sourcecode.swift; path = LocationDetailViewController.swift; sourceTree = SOURCE_ROOT; };
		D94C49BA299E226300F97488 /* PageViewController.swift */ = {isa = PBXFileReference; lastKnownFileType = sourcecode.swift; path = PageViewController.swift; sourceTree = SOURCE_ROOT; };
		D988A29F299D036900724D20 /* WeatherApp.app */ = {isa = PBXFileReference; explicitFileType = wrapper.application; includeInIndex = 0; path = WeatherApp.app; sourceTree = BUILT_PRODUCTS_DIR; };
		D988A2A2299D036900724D20 /* AppDelegate.swift */ = {isa = PBXFileReference; lastKnownFileType = sourcecode.swift; path = AppDelegate.swift; sourceTree = "<group>"; };
		D988A2A4299D036900724D20 /* SceneDelegate.swift */ = {isa = PBXFileReference; lastKnownFileType = sourcecode.swift; path = SceneDelegate.swift; sourceTree = "<group>"; };
		D988A2A6299D036900724D20 /* LocationListViewController.swift */ = {isa = PBXFileReference; lastKnownFileType = sourcecode.swift; path = LocationListViewController.swift; sourceTree = "<group>"; };
		D988A2A9299D036900724D20 /* Base */ = {isa = PBXFileReference; lastKnownFileType = file.storyboard; name = Base; path = Base.lproj/Main.storyboard; sourceTree = "<group>"; };
		D988A2AB299D036B00724D20 /* Assets.xcassets */ = {isa = PBXFileReference; lastKnownFileType = folder.assetcatalog; path = Assets.xcassets; sourceTree = "<group>"; };
		D988A2AE299D036B00724D20 /* Base */ = {isa = PBXFileReference; lastKnownFileType = file.storyboard; name = Base; path = Base.lproj/LaunchScreen.storyboard; sourceTree = "<group>"; };
		D988A2B0299D036B00724D20 /* Info.plist */ = {isa = PBXFileReference; lastKnownFileType = text.plist.xml; path = Info.plist; sourceTree = "<group>"; };
		D988A2B6299D038F00724D20 /* WeatherLocation.swift */ = {isa = PBXFileReference; lastKnownFileType = sourcecode.swift; path = WeatherLocation.swift; sourceTree = "<group>"; };
/* End PBXFileReference section */

/* Begin PBXFrameworksBuildPhase section */
		D988A29C299D036900724D20 /* Frameworks */ = {
			isa = PBXFrameworksBuildPhase;
			buildActionMask = 2147483647;
			files = (
				47FF65E66A1112FF3055207B /* libPods-WeatherApp.a in Frameworks */,
			);
			runOnlyForDeploymentPostprocessing = 0;
		};
/* End PBXFrameworksBuildPhase section */

/* Begin PBXGroup section */
		07D9B71671852D808883C9E1 /* Frameworks */ = {
			isa = PBXGroup;
			children = (
				3672128D477C77D163F1EBA7 /* libPods-WeatherApp.a */,
			);
			name = Frameworks;
			sourceTree = "<group>";
		};
		42481309FAC7F397BA8ECBA4 /* Pods */ = {
			isa = PBXGroup;
			children = (
				CB64E0E1F1F6161F59B0075A /* Pods-WeatherApp.debug.xcconfig */,
				85A6C901AC3D14A53C890095 /* Pods-WeatherApp.release.xcconfig */,
			);
			path = Pods;
			sourceTree = "<group>";
		};
		D988A296299D036900724D20 = {
			isa = PBXGroup;
			children = (
				D988A2A1299D036900724D20 /* WeatherApp */,
				D988A2A0299D036900724D20 /* Products */,
				42481309FAC7F397BA8ECBA4 /* Pods */,
				07D9B71671852D808883C9E1 /* Frameworks */,
			);
			sourceTree = "<group>";
		};
		D988A2A0299D036900724D20 /* Products */ = {
			isa = PBXGroup;
			children = (
				D988A29F299D036900724D20 /* WeatherApp.app */,
			);
			name = Products;
			sourceTree = "<group>";
		};
		D988A2A1299D036900724D20 /* WeatherApp */ = {
			isa = PBXGroup;
			children = (
				D94C49B6299D209B00F97488 /* APIkeys.swift */,
				D988A2B6299D038F00724D20 /* WeatherLocation.swift */,
				D927C992299F928B0018170D /* WeatherDetail.swift */,
				D9212EF529A47A590083723C /* ForcastDetail.swift */,
				D988A2A2299D036900724D20 /* AppDelegate.swift */,
				D988A2A4299D036900724D20 /* SceneDelegate.swift */,
				D988A2A6299D036900724D20 /* LocationListViewController.swift */,
				D94C49B8299E0EDE00F97488 /* LocationDetailViewController.swift */,
				D9212EF729A492E00083723C /* FiveDaysTableViewCell.swift */,
				D94C49BA299E226300F97488 /* PageViewController.swift */,
				D988A2A8299D036900724D20 /* Main.storyboard */,
				D988A2AB299D036B00724D20 /* Assets.xcassets */,
				D988A2AD299D036B00724D20 /* LaunchScreen.storyboard */,
				D988A2B0299D036B00724D20 /* Info.plist */,
			);
			path = WeatherApp;
			sourceTree = "<group>";
		};
/* End PBXGroup section */

/* Begin PBXNativeTarget section */
		D988A29E299D036900724D20 /* WeatherApp */ = {
			isa = PBXNativeTarget;
			buildConfigurationList = D988A2B3299D036B00724D20 /* Build configuration list for PBXNativeTarget "WeatherApp" */;
			buildPhases = (
				2DA8366ABBECF315BE3A2C98 /* [CP] Check Pods Manifest.lock */,
				D988A29B299D036900724D20 /* Sources */,
				D988A29C299D036900724D20 /* Frameworks */,
				D988A29D299D036900724D20 /* Resources */,
				A0E15898FA2D8A00FAABBB41 /* [CP] Copy Pods Resources */,
			);
			buildRules = (
			);
			dependencies = (
			);
			name = WeatherApp;
			productName = WeatherApp;
			productReference = D988A29F299D036900724D20 /* WeatherApp.app */;
			productType = "com.apple.product-type.application";
		};
/* End PBXNativeTarget section */

/* Begin PBXProject section */
		D988A297299D036900724D20 /* Project object */ = {
			isa = PBXProject;
			attributes = {
				BuildIndependentTargetsInParallel = 1;
				LastSwiftUpdateCheck = 1420;
				LastUpgradeCheck = 1420;
				TargetAttributes = {
					D988A29E299D036900724D20 = {
						CreatedOnToolsVersion = 14.2;
					};
				};
			};
			buildConfigurationList = D988A29A299D036900724D20 /* Build configuration list for PBXProject "WeatherApp" */;
			compatibilityVersion = "Xcode 14.0";
			developmentRegion = en;
			hasScannedForEncodings = 0;
			knownRegions = (
				en,
				Base,
			);
			mainGroup = D988A296299D036900724D20;
			productRefGroup = D988A2A0299D036900724D20 /* Products */;
			projectDirPath = "";
			projectRoot = "";
			targets = (
				D988A29E299D036900724D20 /* WeatherApp */,
			);
		};
/* End PBXProject section */

/* Begin PBXResourcesBuildPhase section */
		D988A29D299D036900724D20 /* Resources */ = {
			isa = PBXResourcesBuildPhase;
			buildActionMask = 2147483647;
			files = (
				D988A2AF299D036B00724D20 /* LaunchScreen.storyboard in Resources */,
				D988A2AC299D036B00724D20 /* Assets.xcassets in Resources */,
				D988A2AA299D036900724D20 /* Main.storyboard in Resources */,
			);
			runOnlyForDeploymentPostprocessing = 0;
		};
/* End PBXResourcesBuildPhase section */

/* Begin PBXShellScriptBuildPhase section */
		2DA8366ABBECF315BE3A2C98 /* [CP] Check Pods Manifest.lock */ = {
			isa = PBXShellScriptBuildPhase;
			buildActionMask = 2147483647;
			files = (
			);
			inputFileListPaths = (
			);
			inputPaths = (
				"${PODS_PODFILE_DIR_PATH}/Podfile.lock",
				"${PODS_ROOT}/Manifest.lock",
			);
			name = "[CP] Check Pods Manifest.lock";
			outputFileListPaths = (
			);
			outputPaths = (
				"$(DERIVED_FILE_DIR)/Pods-WeatherApp-checkManifestLockResult.txt",
			);
			runOnlyForDeploymentPostprocessing = 0;
			shellPath = /bin/sh;
			shellScript = "diff \"${PODS_PODFILE_DIR_PATH}/Podfile.lock\" \"${PODS_ROOT}/Manifest.lock\" > /dev/null\nif [ $? != 0 ] ; then\n    # print error to STDERR\n    echo \"error: The sandbox is not in sync with the Podfile.lock. Run 'pod install' or update your CocoaPods installation.\" >&2\n    exit 1\nfi\n# This output is used by Xcode 'outputs' to avoid re-running this script phase.\necho \"SUCCESS\" > \"${SCRIPT_OUTPUT_FILE_0}\"\n";
			showEnvVarsInLog = 0;
		};
		A0E15898FA2D8A00FAABBB41 /* [CP] Copy Pods Resources */ = {
			isa = PBXShellScriptBuildPhase;
			buildActionMask = 2147483647;
			files = (
			);
			inputFileListPaths = (
				"${PODS_ROOT}/Target Support Files/Pods-WeatherApp/Pods-WeatherApp-resources-${CONFIGURATION}-input-files.xcfilelist",
			);
			name = "[CP] Copy Pods Resources";
			outputFileListPaths = (
				"${PODS_ROOT}/Target Support Files/Pods-WeatherApp/Pods-WeatherApp-resources-${CONFIGURATION}-output-files.xcfilelist",
			);
			runOnlyForDeploymentPostprocessing = 0;
			shellPath = /bin/sh;
			shellScript = "\"${PODS_ROOT}/Target Support Files/Pods-WeatherApp/Pods-WeatherApp-resources.sh\"\n";
			showEnvVarsInLog = 0;
		};
/* End PBXShellScriptBuildPhase section */

/* Begin PBXSourcesBuildPhase section */
		D988A29B299D036900724D20 /* Sources */ = {
			isa = PBXSourcesBuildPhase;
			buildActionMask = 2147483647;
			files = (
				D988A2A7299D036900724D20 /* LocationListViewController.swift in Sources */,
				D927C993299F928B0018170D /* WeatherDetail.swift in Sources */,
				D94C49BB299E226300F97488 /* PageViewController.swift in Sources */,
				D988A2B7299D038F00724D20 /* WeatherLocation.swift in Sources */,
				D94C49B7299D209B00F97488 /* APIkeys.swift in Sources */,
				D988A2A3299D036900724D20 /* AppDelegate.swift in Sources */,
				D9212EF829A492E00083723C /* FiveDaysTableViewCell.swift in Sources */,
				D94C49B9299E0EDE00F97488 /* LocationDetailViewController.swift in Sources */,
				D988A2A5299D036900724D20 /* SceneDelegate.swift in Sources */,
				D9212EF629A47A590083723C /* ForcastDetail.swift in Sources */,
			);
			runOnlyForDeploymentPostprocessing = 0;
		};
/* End PBXSourcesBuildPhase section */

/* Begin PBXVariantGroup section */
		D988A2A8299D036900724D20 /* Main.storyboard */ = {
			isa = PBXVariantGroup;
			children = (
				D988A2A9299D036900724D20 /* Base */,
			);
			name = Main.storyboard;
			sourceTree = "<group>";
		};
		D988A2AD299D036B00724D20 /* LaunchScreen.storyboard */ = {
			isa = PBXVariantGroup;
			children = (
				D988A2AE299D036B00724D20 /* Base */,
			);
			name = LaunchScreen.storyboard;
			sourceTree = "<group>";
		};
/* End PBXVariantGroup section */

/* Begin XCBuildConfiguration section */
		D988A2B1299D036B00724D20 /* Debug */ = {
			isa = XCBuildConfiguration;
			buildSettings = {
				ALWAYS_SEARCH_USER_PATHS = NO;
				CLANG_ANALYZER_NONNULL = YES;
				CLANG_ANALYZER_NUMBER_OBJECT_CONVERSION = YES_AGGRESSIVE;
				CLANG_CXX_LANGUAGE_STANDARD = "gnu++20";
				CLANG_ENABLE_MODULES = YES;
				CLANG_ENABLE_OBJC_ARC = YES;
				CLANG_ENABLE_OBJC_WEAK = YES;
				CLANG_WARN_BLOCK_CAPTURE_AUTORELEASING = YES;
				CLANG_WARN_BOOL_CONVERSION = YES;
				CLANG_WARN_COMMA = YES;
				CLANG_WARN_CONSTANT_CONVERSION = YES;
				CLANG_WARN_DEPRECATED_OBJC_IMPLEMENTATIONS = YES;
				CLANG_WARN_DIRECT_OBJC_ISA_USAGE = YES_ERROR;
				CLANG_WARN_DOCUMENTATION_COMMENTS = YES;
				CLANG_WARN_EMPTY_BODY = YES;
				CLANG_WARN_ENUM_CONVERSION = YES;
				CLANG_WARN_INFINITE_RECURSION = YES;
				CLANG_WARN_INT_CONVERSION = YES;
				CLANG_WARN_NON_LITERAL_NULL_CONVERSION = YES;
				CLANG_WARN_OBJC_IMPLICIT_RETAIN_SELF = YES;
				CLANG_WARN_OBJC_LITERAL_CONVERSION = YES;
				CLANG_WARN_OBJC_ROOT_CLASS = YES_ERROR;
				CLANG_WARN_QUOTED_INCLUDE_IN_FRAMEWORK_HEADER = YES;
				CLANG_WARN_RANGE_LOOP_ANALYSIS = YES;
				CLANG_WARN_STRICT_PROTOTYPES = YES;
				CLANG_WARN_SUSPICIOUS_MOVE = YES;
				CLANG_WARN_UNGUARDED_AVAILABILITY = YES_AGGRESSIVE;
				CLANG_WARN_UNREACHABLE_CODE = YES;
				CLANG_WARN__DUPLICATE_METHOD_MATCH = YES;
				COPY_PHASE_STRIP = NO;
				DEBUG_INFORMATION_FORMAT = dwarf;
				ENABLE_STRICT_OBJC_MSGSEND = YES;
				ENABLE_TESTABILITY = YES;
				GCC_C_LANGUAGE_STANDARD = gnu11;
				GCC_DYNAMIC_NO_PIC = NO;
				GCC_NO_COMMON_BLOCKS = YES;
				GCC_OPTIMIZATION_LEVEL = 0;
				GCC_PREPROCESSOR_DEFINITIONS = (
					"DEBUG=1",
					"$(inherited)",
				);
				GCC_WARN_64_TO_32_BIT_CONVERSION = YES;
				GCC_WARN_ABOUT_RETURN_TYPE = YES_ERROR;
				GCC_WARN_UNDECLARED_SELECTOR = YES;
				GCC_WARN_UNINITIALIZED_AUTOS = YES_AGGRESSIVE;
				GCC_WARN_UNUSED_FUNCTION = YES;
				GCC_WARN_UNUSED_VARIABLE = YES;
				IPHONEOS_DEPLOYMENT_TARGET = 16.2;
				MTL_ENABLE_DEBUG_INFO = INCLUDE_SOURCE;
				MTL_FAST_MATH = YES;
				ONLY_ACTIVE_ARCH = YES;
				SDKROOT = iphoneos;
				SWIFT_ACTIVE_COMPILATION_CONDITIONS = DEBUG;
				SWIFT_OPTIMIZATION_LEVEL = "-Onone";
			};
			name = Debug;
		};
		D988A2B2299D036B00724D20 /* Release */ = {
			isa = XCBuildConfiguration;
			buildSettings = {
				ALWAYS_SEARCH_USER_PATHS = NO;
				CLANG_ANALYZER_NONNULL = YES;
				CLANG_ANALYZER_NUMBER_OBJECT_CONVERSION = YES_AGGRESSIVE;
				CLANG_CXX_LANGUAGE_STANDARD = "gnu++20";
				CLANG_ENABLE_MODULES = YES;
				CLANG_ENABLE_OBJC_ARC = YES;
				CLANG_ENABLE_OBJC_WEAK = YES;
				CLANG_WARN_BLOCK_CAPTURE_AUTORELEASING = YES;
				CLANG_WARN_BOOL_CONVERSION = YES;
				CLANG_WARN_COMMA = YES;
				CLANG_WARN_CONSTANT_CONVERSION = YES;
				CLANG_WARN_DEPRECATED_OBJC_IMPLEMENTATIONS = YES;
				CLANG_WARN_DIRECT_OBJC_ISA_USAGE = YES_ERROR;
				CLANG_WARN_DOCUMENTATION_COMMENTS = YES;
				CLANG_WARN_EMPTY_BODY = YES;
				CLANG_WARN_ENUM_CONVERSION = YES;
				CLANG_WARN_INFINITE_RECURSION = YES;
				CLANG_WARN_INT_CONVERSION = YES;
				CLANG_WARN_NON_LITERAL_NULL_CONVERSION = YES;
				CLANG_WARN_OBJC_IMPLICIT_RETAIN_SELF = YES;
				CLANG_WARN_OBJC_LITERAL_CONVERSION = YES;
				CLANG_WARN_OBJC_ROOT_CLASS = YES_ERROR;
				CLANG_WARN_QUOTED_INCLUDE_IN_FRAMEWORK_HEADER = YES;
				CLANG_WARN_RANGE_LOOP_ANALYSIS = YES;
				CLANG_WARN_STRICT_PROTOTYPES = YES;
				CLANG_WARN_SUSPICIOUS_MOVE = YES;
				CLANG_WARN_UNGUARDED_AVAILABILITY = YES_AGGRESSIVE;
				CLANG_WARN_UNREACHABLE_CODE = YES;
				CLANG_WARN__DUPLICATE_METHOD_MATCH = YES;
				COPY_PHASE_STRIP = NO;
				DEBUG_INFORMATION_FORMAT = "dwarf-with-dsym";
				ENABLE_NS_ASSERTIONS = NO;
				ENABLE_STRICT_OBJC_MSGSEND = YES;
				GCC_C_LANGUAGE_STANDARD = gnu11;
				GCC_NO_COMMON_BLOCKS = YES;
				GCC_WARN_64_TO_32_BIT_CONVERSION = YES;
				GCC_WARN_ABOUT_RETURN_TYPE = YES_ERROR;
				GCC_WARN_UNDECLARED_SELECTOR = YES;
				GCC_WARN_UNINITIALIZED_AUTOS = YES_AGGRESSIVE;
				GCC_WARN_UNUSED_FUNCTION = YES;
				GCC_WARN_UNUSED_VARIABLE = YES;
				IPHONEOS_DEPLOYMENT_TARGET = 16.2;
				MTL_ENABLE_DEBUG_INFO = NO;
				MTL_FAST_MATH = YES;
				SDKROOT = iphoneos;
				SWIFT_COMPILATION_MODE = wholemodule;
				SWIFT_OPTIMIZATION_LEVEL = "-O";
				VALIDATE_PRODUCT = YES;
			};
			name = Release;
		};
		D988A2B4299D036B00724D20 /* Debug */ = {
			isa = XCBuildConfiguration;
			baseConfigurationReference = CB64E0E1F1F6161F59B0075A /* Pods-WeatherApp.debug.xcconfig */;
			buildSettings = {
				ASSETCATALOG_COMPILER_APPICON_NAME = AppIcon;
				ASSETCATALOG_COMPILER_GLOBAL_ACCENT_COLOR_NAME = AccentColor;
				CODE_SIGN_STYLE = Automatic;
				CURRENT_PROJECT_VERSION = 1;
				DEVELOPMENT_TEAM = J79C4AJ58Q;
				GENERATE_INFOPLIST_FILE = YES;
				INFOPLIST_FILE = WeatherApp/Info.plist;
				INFOPLIST_KEY_UIApplicationSupportsIndirectInputEvents = YES;
				INFOPLIST_KEY_UILaunchStoryboardName = LaunchScreen;
				INFOPLIST_KEY_UIMainStoryboardFile = Main;
				INFOPLIST_KEY_UISupportedInterfaceOrientations_iPad = "UIInterfaceOrientationPortrait UIInterfaceOrientationPortraitUpsideDown UIInterfaceOrientationLandscapeLeft UIInterfaceOrientationLandscapeRight";
				INFOPLIST_KEY_UISupportedInterfaceOrientations_iPhone = "UIInterfaceOrientationPortrait UIInterfaceOrientationLandscapeLeft UIInterfaceOrientationLandscapeRight";
				LD_RUNPATH_SEARCH_PATHS = (
					"$(inherited)",
					"@executable_path/Frameworks",
				);
				MARKETING_VERSION = 1.0;
				PRODUCT_BUNDLE_IDENTIFIER = com.shelley.WeatherApp;
				PRODUCT_NAME = "$(TARGET_NAME)";
				SWIFT_EMIT_LOC_STRINGS = YES;
				SWIFT_VERSION = 5.0;
				TARGETED_DEVICE_FAMILY = "1,2";
			};
			name = Debug;
		};
		D988A2B5299D036B00724D20 /* Release */ = {
			isa = XCBuildConfiguration;
			baseConfigurationReference = 85A6C901AC3D14A53C890095 /* Pods-WeatherApp.release.xcconfig */;
			buildSettings = {
				ASSETCATALOG_COMPILER_APPICON_NAME = AppIcon;
				ASSETCATALOG_COMPILER_GLOBAL_ACCENT_COLOR_NAME = AccentColor;
				CODE_SIGN_STYLE = Automatic;
				CURRENT_PROJECT_VERSION = 1;
				DEVELOPMENT_TEAM = J79C4AJ58Q;
				GENERATE_INFOPLIST_FILE = YES;
				INFOPLIST_FILE = WeatherApp/Info.plist;
				INFOPLIST_KEY_UIApplicationSupportsIndirectInputEvents = YES;
				INFOPLIST_KEY_UILaunchStoryboardName = LaunchScreen;
				INFOPLIST_KEY_UIMainStoryboardFile = Main;
				INFOPLIST_KEY_UISupportedInterfaceOrientations_iPad = "UIInterfaceOrientationPortrait UIInterfaceOrientationPortraitUpsideDown UIInterfaceOrientationLandscapeLeft UIInterfaceOrientationLandscapeRight";
				INFOPLIST_KEY_UISupportedInterfaceOrientations_iPhone = "UIInterfaceOrientationPortrait UIInterfaceOrientationLandscapeLeft UIInterfaceOrientationLandscapeRight";
				LD_RUNPATH_SEARCH_PATHS = (
					"$(inherited)",
					"@executable_path/Frameworks",
				);
				MARKETING_VERSION = 1.0;
				PRODUCT_BUNDLE_IDENTIFIER = com.shelley.WeatherApp;
				PRODUCT_NAME = "$(TARGET_NAME)";
				SWIFT_EMIT_LOC_STRINGS = YES;
				SWIFT_VERSION = 5.0;
				TARGETED_DEVICE_FAMILY = "1,2";
			};
			name = Release;
		};
/* End XCBuildConfiguration section */

/* Begin XCConfigurationList section */
		D988A29A299D036900724D20 /* Build configuration list for PBXProject "WeatherApp" */ = {
			isa = XCConfigurationList;
			buildConfigurations = (
				D988A2B1299D036B00724D20 /* Debug */,
				D988A2B2299D036B00724D20 /* Release */,
			);
			defaultConfigurationIsVisible = 0;
			defaultConfigurationName = Release;
		};
		D988A2B3299D036B00724D20 /* Build configuration list for PBXNativeTarget "WeatherApp" */ = {
			isa = XCConfigurationList;
			buildConfigurations = (
				D988A2B4299D036B00724D20 /* Debug */,
				D988A2B5299D036B00724D20 /* Release */,
			);
			defaultConfigurationIsVisible = 0;
			defaultConfigurationName = Release;
		};
/* End XCConfigurationList section */
	};
	rootObject = D988A297299D036900724D20 /* Project object */;
}
